
Microsoft Visual Studio Solution File, Format Version 12.00
# Visual Studio Version 16
VisualStudioVersion = 16.0.30204.135
MinimumVisualStudioVersion = 10.0.40219.1
Project("{FAE04EC0-301F-11D3-BF4B-00C04F79EFBC}") = "ClassObjectsToDB", "ClassObjectsToDB\ClassObjectsToDB.csproj", "{3AFAB63A-C196-4E3D-8C09-1302D03E6804}"
EndProject
Global
	GlobalSection(SolutionConfigurationPlatforms) = preSolution
		Debug|Any CPU = Debug|Any CPU
		Release|Any CPU = Release|Any CPU
	EndGlobalSection
	GlobalSection(ProjectConfigurationPlatforms) = postSolution
		{3AFAB63A-C196-4E3D-8C09-1302D03E6804}.Debug|Any CPU.ActiveCfg = Debug|Any CPU
		{3AFAB63A-C196-4E3D-8C09-1302D03E6804}.Debug|Any CPU.Build.0 = Debug|Any CPU
		{3AFAB63A-C196-4E3D-8C09-1302D03E6804}.Release|Any CPU.ActiveCfg = Release|Any CPU
		{3AFAB63A-C196-4E3D-8C09-1302D03E6804}.Release|Any CPU.Build.0 = Release|Any CPU
	EndGlobalSection
	GlobalSection(SolutionProperties) = preSolution
		HideSolutionNode = FALSE
	EndGlobalSection
	GlobalSection(ExtensibilityGlobals) = postSolution
		SolutionGuid = {60817F67-96E1-4E56-A550-B2765DB02C6D}
	EndGlobalSection
EndGlobal
